// !$*UTF8*$!
{
	archiveVersion = 1;
	classes = {
	};
	objectVersion = 77;
	objects = {

/* Begin PBXContainerItemProxy section */
		7E7826A22D50C6A9002752DD /* PBXContainerItemProxy */ = {
			isa = PBXContainerItemProxy;
			containerPortal = 7E7826892D50C6A7002752DD /* Project object */;
			proxyType = 1;
			remoteGlobalIDString = 7E7826902D50C6A7002752DD;
			remoteInfo = "Weather Appl";
		};
		7E7826AC2D50C6A9002752DD /* PBXContainerItemProxy */ = {
			isa = PBXContainerItemProxy;
			containerPortal = 7E7826892D50C6A7002752DD /* Project object */;
			proxyType = 1;
			remoteGlobalIDString = 7E7826902D50C6A7002752DD;
			remoteInfo = "Weather Appl";
		};
/* End PBXContainerItemProxy section */

/* Begin PBXFileReference section */
		7E7826912D50C6A7002752DD /* Weather Appl.app */ = {isa = PBXFileReference; explicitFileType = wrapper.application; includeInIndex = 0; path = "Weather Appl.app"; sourceTree = BUILT_PRODUCTS_DIR; };
		7E7826A12D50C6A9002752DD /* Weather ApplTests.xctest */ = {isa = PBXFileReference; explicitFileType = wrapper.cfbundle; includeInIndex = 0; path = "Weather ApplTests.xctest"; sourceTree = BUILT_PRODUCTS_DIR; };
		7E7826AB2D50C6A9002752DD /* Weather ApplUITests.xctest */ = {isa = PBXFileReference; explicitFileType = wrapper.cfbundle; includeInIndex = 0; path = "Weather ApplUITests.xctest"; sourceTree = BUILT_PRODUCTS_DIR; };
/* End PBXFileReference section */

/* Begin PBXFileSystemSynchronizedRootGroup section */
		7E7826932D50C6A7002752DD /* Weather Appl */ = {
			isa = PBXFileSystemSynchronizedRootGroup;
			path = "Weather Appl";
			sourceTree = "<group>";
		};
		7E7826A42D50C6A9002752DD /* Weather ApplTests */ = {
			isa = PBXFileSystemSynchronizedRootGroup;
			path = "Weather ApplTests";
			sourceTree = "<group>";
		};
		7E7826AE2D50C6A9002752DD /* Weather ApplUITests */ = {
			isa = PBXFileSystemSynchronizedRootGroup;
			path = "Weather ApplUITests";
			sourceTree = "<group>";
		};
/* End PBXFileSystemSynchronizedRootGroup section */

/* Begin PBXFrameworksBuildPhase section */
		7E78268E2D50C6A7002752DD /* Frameworks */ = {
			isa = PBXFrameworksBuildPhase;
			buildActionMask = 2147483647;
			files = (
			);
			runOnlyForDeploymentPostprocessing = 0;
		};
		7E78269E2D50C6A9002752DD /* Frameworks */ = {
			isa = PBXFrameworksBuildPhase;
			buildActionMask = 2147483647;
			files = (
			);
			runOnlyForDeploymentPostprocessing = 0;
		};
		7E7826A82D50C6A9002752DD /* Frameworks */ = {
			isa = PBXFrameworksBuildPhase;
			buildActionMask = 2147483647;
			files = (
			);
			runOnlyForDeploymentPostprocessing = 0;
		};
/* End PBXFrameworksBuildPhase section */

/* Begin PBXGroup section */
		7E7826882D50C6A7002752DD = {
			isa = PBXGroup;
			children = (
				7E7826932D50C6A7002752DD /* Weather Appl */,
				7E7826A42D50C6A9002752DD /* Weather ApplTests */,
				7E7826AE2D50C6A9002752DD /* Weather ApplUITests */,
				7E7826922D50C6A7002752DD /* Products */,
			);
			sourceTree = "<group>";
		};
		7E7826922D50C6A7002752DD /* Products */ = {
			isa = PBXGroup;
			children = (
				7E7826912D50C6A7002752DD /* Weather Appl.app */,
				7E7826A12D50C6A9002752DD /* Weather ApplTests.xctest */,
				7E7826AB2D50C6A9002752DD /* Weather ApplUITests.xctest */,
			);
			name = Products;
			sourceTree = "<group>";
		};
/* End PBXGroup section */

/* Begin PBXNativeTarget section */
		7E7826902D50C6A7002752DD /* Weather Appl */ = {
			isa = PBXNativeTarget;
			buildConfigurationList = 7E7826B52D50C6A9002752DD /* Build configuration list for PBXNativeTarget "Weather Appl" */;
			buildPhases = (
				7E78268D2D50C6A7002752DD /* Sources */,
				7E78268E2D50C6A7002752DD /* Frameworks */,
				7E78268F2D50C6A7002752DD /* Resources */,
			);
			buildRules = (
			);
			dependencies = (
			);
			fileSystemSynchronizedGroups = (
				7E7826932D50C6A7002752DD /* Weather Appl */,
			);
			name = "Weather Appl";
			packageProductDependencies = (
			);
			productName = "Weather Appl";
			productReference = 7E7826912D50C6A7002752DD /* Weather Appl.app */;
			productType = "com.apple.product-type.application";
		};
		7E7826A02D50C6A9002752DD /* Weather ApplTests */ = {
			isa = PBXNativeTarget;
			buildConfigurationList = 7E7826B82D50C6A9002752DD /* Build configuration list for PBXNativeTarget "Weather ApplTests" */;
			buildPhases = (
				7E78269D2D50C6A9002752DD /* Sources */,
				7E78269E2D50C6A9002752DD /* Frameworks */,
				7E78269F2D50C6A9002752DD /* Resources */,
			);
			buildRules = (
			);
			dependencies = (
				7E7826A32D50C6A9002752DD /* PBXTargetDependency */,
			);
			fileSystemSynchronizedGroups = (
				7E7826A42D50C6A9002752DD /* Weather ApplTests */,
			);
			name = "Weather ApplTests";
			packageProductDependencies = (
			);
			productName = "Weather ApplTests";
			productReference = 7E7826A12D50C6A9002752DD /* Weather ApplTests.xctest */;
			productType = "com.apple.product-type.bundle.unit-test";
		};
		7E7826AA2D50C6A9002752DD /* Weather ApplUITests */ = {
			isa = PBXNativeTarget;
			buildConfigurationList = 7E7826BB2D50C6A9002752DD /* Build configuration list for PBXNativeTarget "Weather ApplUITests" */;
			buildPhases = (
				7E7826A72D50C6A9002752DD /* Sources */,
				7E7826A82D50C6A9002752DD /* Frameworks */,
				7E7826A92D50C6A9002752DD /* Resources */,
			);
			buildRules = (
			);
			dependencies = (
				7E7826AD2D50C6A9002752DD /* PBXTargetDependency */,
			);
			fileSystemSynchronizedGroups = (
				7E7826AE2D50C6A9002752DD /* Weather ApplUITests */,
			);
			name = "Weather ApplUITests";
			packageProductDependencies = (
			);
			productName = "Weather ApplUITests";
			productReference = 7E7826AB2D50C6A9002752DD /* Weather ApplUITests.xctest */;
			productType = "com.apple.product-type.bundle.ui-testing";
		};
/* End PBXNativeTarget section */

/* Begin PBXProject section */
		7E7826892D50C6A7002752DD /* Project object */ = {
			isa = PBXProject;
			attributes = {
				BuildIndependentTargetsInParallel = 1;
				LastSwiftUpdateCheck = 1620;
				LastUpgradeCheck = 1620;
				TargetAttributes = {
					7E7826902D50C6A7002752DD = {
						CreatedOnToolsVersion = 16.2;
					};
					7E7826A02D50C6A9002752DD = {
						CreatedOnToolsVersion = 16.2;
						TestTargetID = 7E7826902D50C6A7002752DD;
					};
					7E7826AA2D50C6A9002752DD = {
						CreatedOnToolsVersion = 16.2;
						TestTargetID = 7E7826902D50C6A7002752DD;
					};
				};
			};
			buildConfigurationList = 7E78268C2D50C6A7002752DD /* Build configuration list for PBXProject "Weather Appl" */;
			developmentRegion = en;
			hasScannedForEncodings = 0;
			knownRegions = (
				en,
				Base,
			);
			mainGroup = 7E7826882D50C6A7002752DD;
			minimizedProjectReferenceProxies = 1;
			preferredProjectObjectVersion = 77;
			productRefGroup = 7E7826922D50C6A7002752DD /* Products */;
			projectDirPath = "";
			projectRoot = "";
			targets = (
				7E7826902D50C6A7002752DD /* Weather Appl */,
				7E7826A02D50C6A9002752DD /* Weather ApplTests */,
				7E7826AA2D50C6A9002752DD /* Weather ApplUITests */,
			);
		};
/* End PBXProject section */

/* Begin PBXResourcesBuildPhase section */
		7E78268F2D50C6A7002752DD /* Resources */ = {
			isa = PBXResourcesBuildPhase;
			buildActionMask = 2147483647;
			files = (
			);
			runOnlyForDeploymentPostprocessing = 0;
		};
		7E78269F2D50C6A9002752DD /* Resources */ = {
			isa = PBXResourcesBuildPhase;
			buildActionMask = 2147483647;
			files = (
			);
			runOnlyForDeploymentPostprocessing = 0;
		};
		7E7826A92D50C6A9002752DD /* Resources */ = {
			isa = PBXResourcesBuildPhase;
			buildActionMask = 2147483647;
			files = (
			);
			runOnlyForDeploymentPostprocessing = 0;
		};
/* End PBXResourcesBuildPhase section */

/* Begin PBXSourcesBuildPhase section */
		7E78268D2D50C6A7002752DD /* Sources */ = {
			isa = PBXSourcesBuildPhase;
			buildActionMask = 2147483647;
			files = (
			);
			runOnlyForDeploymentPostprocessing = 0;
		};
		7E78269D2D50C6A9002752DD /* Sources */ = {
			isa = PBXSourcesBuildPhase;
			buildActionMask = 2147483647;
			files = (
			);
			runOnlyForDeploymentPostprocessing = 0;
		};
		7E7826A72D50C6A9002752DD /* Sources */ = {
			isa = PBXSourcesBuildPhase;
			buildActionMask = 2147483647;
			files = (
			);
			runOnlyForDeploymentPostprocessing = 0;
		};
/* End PBXSourcesBuildPhase section */

/* Begin PBXTargetDependency section */
		7E7826A32D50C6A9002752DD /* PBXTargetDependency */ = {
			isa = PBXTargetDependency;
			target = 7E7826902D50C6A7002752DD /* Weather Appl */;
			targetProxy = 7E7826A22D50C6A9002752DD /* PBXContainerItemProxy */;
		};
		7E7826AD2D50C6A9002752DD /* PBXTargetDependency */ = {
			isa = PBXTargetDependency;
			target = 7E7826902D50C6A7002752DD /* Weather Appl */;
			targetProxy = 7E7826AC2D50C6A9002752DD /* PBXContainerItemProxy */;
		};
/* End PBXTargetDependency section */

/* Begin XCBuildConfiguration section */
		7E7826B32D50C6A9002752DD /* Debug */ = {
			isa = XCBuildConfiguration;
			buildSettings = {
				ALWAYS_SEARCH_USER_PATHS = NO;
				ASSETCATALOG_COMPILER_GENERATE_SWIFT_ASSET_SYMBOL_EXTENSIONS = YES;
				CLANG_ANALYZER_NONNULL = YES;
				CLANG_ANALYZER_NUMBER_OBJECT_CONVERSION = YES_AGGRESSIVE;
				CLANG_CXX_LANGUAGE_STANDARD = "gnu++20";
				CLANG_ENABLE_MODULES = YES;
				CLANG_ENABLE_OBJC_ARC = YES;
				CLANG_ENABLE_OBJC_WEAK = YES;
				CLANG_WARN_BLOCK_CAPTURE_AUTORELEASING = YES;
				CLANG_WARN_BOOL_CONVERSION = YES;
				CLANG_WARN_COMMA = YES;
				CLANG_WARN_CONSTANT_CONVERSION = YES;
				CLANG_WARN_DEPRECATED_OBJC_IMPLEMENTATIONS = YES;
				CLANG_WARN_DIRECT_OBJC_ISA_USAGE = YES_ERROR;
				CLANG_WARN_DOCUMENTATION_COMMENTS = YES;
				CLANG_WARN_EMPTY_BODY = YES;
				CLANG_WARN_ENUM_CONVERSION = YES;
				CLANG_WARN_INFINITE_RECURSION = YES;
				CLANG_WARN_INT_CONVERSION = YES;
				CLANG_WARN_NON_LITERAL_NULL_CONVERSION = YES;
				CLANG_WARN_OBJC_IMPLICIT_RETAIN_SELF = YES;
				CLANG_WARN_OBJC_LITERAL_CONVERSION = YES;
				CLANG_WARN_OBJC_ROOT_CLASS = YES_ERROR;
				CLANG_WARN_QUOTED_INCLUDE_IN_FRAMEWORK_HEADER = YES;
				CLANG_WARN_RANGE_LOOP_ANALYSIS = YES;
				CLANG_WARN_STRICT_PROTOTYPES = YES;
				CLANG_WARN_SUSPICIOUS_MOVE = YES;
				CLANG_WARN_UNGUARDED_AVAILABILITY = YES_AGGRESSIVE;
				CLANG_WARN_UNREACHABLE_CODE = YES;
				CLANG_WARN__DUPLICATE_METHOD_MATCH = YES;
				COPY_PHASE_STRIP = NO;
				DEBUG_INFORMATION_FORMAT = dwarf;
				ENABLE_STRICT_OBJC_MSGSEND = YES;
				ENABLE_TESTABILITY = YES;
				ENABLE_USER_SCRIPT_SANDBOXING = YES;
				GCC_C_LANGUAGE_STANDARD = gnu17;
				GCC_DYNAMIC_NO_PIC = NO;
				GCC_NO_COMMON_BLOCKS = YES;
				GCC_OPTIMIZATION_LEVEL = 0;
				GCC_PREPROCESSOR_DEFINITIONS = (
					"DEBUG=1",
					"$(inherited)",
				);
				GCC_WARN_64_TO_32_BIT_CONVERSION = YES;
				GCC_WARN_ABOUT_RETURN_TYPE = YES_ERROR;
				GCC_WARN_UNDECLARED_SELECTOR = YES;
				GCC_WARN_UNINITIALIZED_AUTOS = YES_AGGRESSIVE;
				GCC_WARN_UNUSED_FUNCTION = YES;
				GCC_WARN_UNUSED_VARIABLE = YES;
				IPHONEOS_DEPLOYMENT_TARGET = 18.2;
				LOCALIZATION_PREFERS_STRING_CATALOGS = YES;
				MTL_ENABLE_DEBUG_INFO = INCLUDE_SOURCE;
				MTL_FAST_MATH = YES;
				ONLY_ACTIVE_ARCH = YES;
				SDKROOT = iphoneos;
				SWIFT_ACTIVE_COMPILATION_CONDITIONS = "DEBUG $(inherited)";
				SWIFT_OPTIMIZATION_LEVEL = "-Onone";
			};
			name = Debug;
		};
		7E7826B42D50C6A9002752DD /* Release */ = {
			isa = XCBuildConfiguration;
			buildSettings = {
				ALWAYS_SEARCH_USER_PATHS = NO;
				ASSETCATALOG_COMPILER_GENERATE_SWIFT_ASSET_SYMBOL_EXTENSIONS = YES;
				CLANG_ANALYZER_NONNULL = YES;
				CLANG_ANALYZER_NUMBER_OBJECT_CONVERSION = YES_AGGRESSIVE;
				CLANG_CXX_LANGUAGE_STANDARD = "gnu++20";
				CLANG_ENABLE_MODULES = YES;
				CLANG_ENABLE_OBJC_ARC = YES;
				CLANG_ENABLE_OBJC_WEAK = YES;
				CLANG_WARN_BLOCK_CAPTURE_AUTORELEASING = YES;
				CLANG_WARN_BOOL_CONVERSION = YES;
				CLANG_WARN_COMMA = YES;
				CLANG_WARN_CONSTANT_CONVERSION = YES;
				CLANG_WARN_DEPRECATED_OBJC_IMPLEMENTATIONS = YES;
				CLANG_WARN_DIRECT_OBJC_ISA_USAGE = YES_ERROR;
				CLANG_WARN_DOCUMENTATION_COMMENTS = YES;
				CLANG_WARN_EMPTY_BODY = YES;
				CLANG_WARN_ENUM_CONVERSION = YES;
				CLANG_WARN_INFINITE_RECURSION = YES;
				CLANG_WARN_INT_CONVERSION = YES;
				CLANG_WARN_NON_LITERAL_NULL_CONVERSION = YES;
				CLANG_WARN_OBJC_IMPLICIT_RETAIN_SELF = YES;
				CLANG_WARN_OBJC_LITERAL_CONVERSION = YES;
				CLANG_WARN_OBJC_ROOT_CLASS = YES_ERROR;
				CLANG_WARN_QUOTED_INCLUDE_IN_FRAMEWORK_HEADER = YES;
				CLANG_WARN_RANGE_LOOP_ANALYSIS = YES;
				CLANG_WARN_STRICT_PROTOTYPES = YES;
				CLANG_WARN_SUSPICIOUS_MOVE = YES;
				CLANG_WARN_UNGUARDED_AVAILABILITY = YES_AGGRESSIVE;
				CLANG_WARN_UNREACHABLE_CODE = YES;
				CLANG_WARN__DUPLICATE_METHOD_MATCH = YES;
				COPY_PHASE_STRIP = NO;
				DEBUG_INFORMATION_FORMAT = "dwarf-with-dsym";
				ENABLE_NS_ASSERTIONS = NO;
				ENABLE_STRICT_OBJC_MSGSEND = YES;
				ENABLE_USER_SCRIPT_SANDBOXING = YES;
				GCC_C_LANGUAGE_STANDARD = gnu17;
				GCC_NO_COMMON_BLOCKS = YES;
				GCC_WARN_64_TO_32_BIT_CONVERSION = YES;
				GCC_WARN_ABOUT_RETURN_TYPE = YES_ERROR;
				GCC_WARN_UNDECLARED_SELECTOR = YES;
				GCC_WARN_UNINITIALIZED_AUTOS = YES_AGGRESSIVE;
				GCC_WARN_UNUSED_FUNCTION = YES;
				GCC_WARN_UNUSED_VARIABLE = YES;
				IPHONEOS_DEPLOYMENT_TARGET = 18.2;
				LOCALIZATION_PREFERS_STRING_CATALOGS = YES;
				MTL_ENABLE_DEBUG_INFO = NO;
				MTL_FAST_MATH = YES;
				SDKROOT = iphoneos;
				SWIFT_COMPILATION_MODE = wholemodule;
				VALIDATE_PRODUCT = YES;
			};
			name = Release;
		};
		7E7826B62D50C6A9002752DD /* Debug */ = {
			isa = XCBuildConfiguration;
			buildSettings = {
				ASSETCATALOG_COMPILER_APPICON_NAME = AppIcon;
				ASSETCATALOG_COMPILER_GLOBAL_ACCENT_COLOR_NAME = AccentColor;
				CODE_SIGN_STYLE = Automatic;
				CURRENT_PROJECT_VERSION = 1;
				DEVELOPMENT_ASSET_PATHS = "\"Weather Appl/Preview Content\"";
				ENABLE_PREVIEWS = YES;
				GENERATE_INFOPLIST_FILE = YES;
				INFOPLIST_KEY_UIApplicationSceneManifest_Generation = YES;
				INFOPLIST_KEY_UIApplicationSupportsIndirectInputEvents = YES;
				INFOPLIST_KEY_UILaunchScreen_Generation = YES;
				INFOPLIST_KEY_UISupportedInterfaceOrientations_iPad = "UIInterfaceOrientationPortrait UIInterfaceOrientationPortraitUpsideDown UIInterfaceOrientationLandscapeLeft UIInterfaceOrientationLandscapeRight";
				INFOPLIST_KEY_UISupportedInterfaceOrientations_iPhone = "UIInterfaceOrientationPortrait UIInterfaceOrientationLandscapeLeft UIInterfaceOrientationLandscapeRight";
				LD_RUNPATH_SEARCH_PATHS = (
					"$(inherited)",
					"@executable_path/Frameworks",
				);
				MARKETING_VERSION = 1.0;
				PRODUCT_BUNDLE_IDENTIFIER = "se.ju.csi.dmp.IOS.WeatherAppl.Weather-Appl";
				PRODUCT_NAME = "$(TARGET_NAME)";
				SWIFT_EMIT_LOC_STRINGS = YES;
				SWIFT_VERSION = 5.0;
				TARGETED_DEVICE_FAMILY = "1,2";
			};
			name = Debug;
		};
		7E7826B72D50C6A9002752DD /* Release */ = {
			isa = XCBuildConfiguration;
			buildSettings = {
				ASSETCATALOG_COMPILER_APPICON_NAME = AppIcon;
				ASSETCATALOG_COMPILER_GLOBAL_ACCENT_COLOR_NAME = AccentColor;
				CODE_SIGN_STYLE = Automatic;
				CURRENT_PROJECT_VERSION = 1;
				DEVELOPMENT_ASSET_PATHS = "\"Weather Appl/Preview Content\"";
				ENABLE_PREVIEWS = YES;
				GENERATE_INFOPLIST_FILE = YES;
				INFOPLIST_KEY_UIApplicationSceneManifest_Generation = YES;
				INFOPLIST_KEY_UIApplicationSupportsIndirectInputEvents = YES;
				INFOPLIST_KEY_UILaunchScreen_Generation = YES;
				INFOPLIST_KEY_UISupportedInterfaceOrientations_iPad = "UIInterfaceOrientationPortrait UIInterfaceOrientationPortraitUpsideDown UIInterfaceOrientationLandscapeLeft UIInterfaceOrientationLandscapeRight";
				INFOPLIST_KEY_UISupportedInterfaceOrientations_iPhone = "UIInterfaceOrientationPortrait UIInterfaceOrientationLandscapeLeft UIInterfaceOrientationLandscapeRight";
				LD_RUNPATH_SEARCH_PATHS = (
					"$(inherited)",
					"@executable_path/Frameworks",
				);
				MARKETING_VERSION = 1.0;
				PRODUCT_BUNDLE_IDENTIFIER = "se.ju.csi.dmp.IOS.WeatherAppl.Weather-Appl";
				PRODUCT_NAME = "$(TARGET_NAME)";
				SWIFT_EMIT_LOC_STRINGS = YES;
				SWIFT_VERSION = 5.0;
				TARGETED_DEVICE_FAMILY = "1,2";
			};
			name = Release;
		};
		7E7826B92D50C6A9002752DD /* Debug */ = {
			isa = XCBuildConfiguration;
			buildSettings = {
				BUNDLE_LOADER = "$(TEST_HOST)";
				CODE_SIGN_STYLE = Automatic;
				CURRENT_PROJECT_VERSION = 1;
				GENERATE_INFOPLIST_FILE = YES;
				IPHONEOS_DEPLOYMENT_TARGET = 18.2;
				MARKETING_VERSION = 1.0;
				PRODUCT_BUNDLE_IDENTIFIER = "se.ju.csi.dmp.IOS.WeatherAppl.Weather-ApplTests";
				PRODUCT_NAME = "$(TARGET_NAME)";
				SWIFT_EMIT_LOC_STRINGS = NO;
				SWIFT_VERSION = 5.0;
				TARGETED_DEVICE_FAMILY = "1,2";
				TEST_HOST = "$(BUILT_PRODUCTS_DIR)/Weather Appl.app/$(BUNDLE_EXECUTABLE_FOLDER_PATH)/Weather Appl";
			};
			name = Debug;
		};
		7E7826BA2D50C6A9002752DD /* Release */ = {
			isa = XCBuildConfiguration;
			buildSettings = {
				BUNDLE_LOADER = "$(TEST_HOST)";
				CODE_SIGN_STYLE = Automatic;
				CURRENT_PROJECT_VERSION = 1;
				GENERATE_INFOPLIST_FILE = YES;
				IPHONEOS_DEPLOYMENT_TARGET = 18.2;
				MARKETING_VERSION = 1.0;
				PRODUCT_BUNDLE_IDENTIFIER = "se.ju.csi.dmp.IOS.WeatherAppl.Weather-ApplTests";
				PRODUCT_NAME = "$(TARGET_NAME)";
				SWIFT_EMIT_LOC_STRINGS = NO;
				SWIFT_VERSION = 5.0;
				TARGETED_DEVICE_FAMILY = "1,2";
				TEST_HOST = "$(BUILT_PRODUCTS_DIR)/Weather Appl.app/$(BUNDLE_EXECUTABLE_FOLDER_PATH)/Weather Appl";
			};
			name = Release;
		};
		7E7826BC2D50C6A9002752DD /* Debug */ = {
			isa = XCBuildConfiguration;
			buildSettings = {
				CODE_SIGN_STYLE = Automatic;
				CURRENT_PROJECT_VERSION = 1;
				GENERATE_INFOPLIST_FILE = YES;
				MARKETING_VERSION = 1.0;
				PRODUCT_BUNDLE_IDENTIFIER = "se.ju.csi.dmp.IOS.WeatherAppl.Weather-ApplUITests";
				PRODUCT_NAME = "$(TARGET_NAME)";
				SWIFT_EMIT_LOC_STRINGS = NO;
				SWIFT_VERSION = 5.0;
				TARGETED_DEVICE_FAMILY = "1,2";
				TEST_TARGET_NAME = "Weather Appl";
			};
			name = Debug;
		};
		7E7826BD2D50C6A9002752DD /* Release */ = {
			isa = XCBuildConfiguration;
			buildSettings = {
				CODE_SIGN_STYLE = Automatic;
				CURRENT_PROJECT_VERSION = 1;
				GENERATE_INFOPLIST_FILE = YES;
				MARKETING_VERSION = 1.0;
				PRODUCT_BUNDLE_IDENTIFIER = "se.ju.csi.dmp.IOS.WeatherAppl.Weather-ApplUITests";
				PRODUCT_NAME = "$(TARGET_NAME)";
				SWIFT_EMIT_LOC_STRINGS = NO;
				SWIFT_VERSION = 5.0;
				TARGETED_DEVICE_FAMILY = "1,2";
				TEST_TARGET_NAME = "Weather Appl";
			};
			name = Release;
		};
/* End XCBuildConfiguration section */

/* Begin XCConfigurationList section */
		7E78268C2D50C6A7002752DD /* Build configuration list for PBXProject "Weather Appl" */ = {
			isa = XCConfigurationList;
			buildConfigurations = (
				7E7826B32D50C6A9002752DD /* Debug */,
				7E7826B42D50C6A9002752DD /* Release */,
			);
			defaultConfigurationIsVisible = 0;
			defaultConfigurationName = Release;
		};
		7E7826B52D50C6A9002752DD /* Build configuration list for PBXNativeTarget "Weather Appl" */ = {
			isa = XCConfigurationList;
			buildConfigurations = (
				7E7826B62D50C6A9002752DD /* Debug */,
				7E7826B72D50C6A9002752DD /* Release */,
			);
			defaultConfigurationIsVisible = 0;
			defaultConfigurationName = Release;
		};
		7E7826B82D50C6A9002752DD /* Build configuration list for PBXNativeTarget "Weather ApplTests" */ = {
			isa = XCConfigurationList;
			buildConfigurations = (
				7E7826B92D50C6A9002752DD /* Debug */,
				7E7826BA2D50C6A9002752DD /* Release */,
			);
			defaultConfigurationIsVisible = 0;
			defaultConfigurationName = Release;
		};
		7E7826BB2D50C6A9002752DD /* Build configuration list for PBXNativeTarget "Weather ApplUITests" */ = {
			isa = XCConfigurationList;
			buildConfigurations = (
				7E7826BC2D50C6A9002752DD /* Debug */,
				7E7826BD2D50C6A9002752DD /* Release */,
			);
			defaultConfigurationIsVisible = 0;
			defaultConfigurationName = Release;
		};
/* End XCConfigurationList section */
	};
	rootObject = 7E7826892D50C6A7002752DD /* Project object */;
}
